// !$*UTF8*$!
{
	archiveVersion = 1;
	classes = {
	};
	objectVersion = 50;
	objects = {

/* Begin PBXBuildFile section */
		429DE9935C40A57E5066AE33 /* Pods_RappucinoUITests.framework in Frameworks */ = {isa = PBXBuildFile; fileRef = 684A73323B2A144E4A1072E0 /* Pods_RappucinoUITests.framework */; };
		6858989720E4C4AE002F1F5E /* SearchContainerVC.swift in Sources */ = {isa = PBXBuildFile; fileRef = 6858989620E4C4AE002F1F5E /* SearchContainerVC.swift */; };
		687D208120C680C600E7A256 /* RecordingService.swift in Sources */ = {isa = PBXBuildFile; fileRef = 687D208020C680C500E7A256 /* RecordingService.swift */; };
		687D208320C681D000E7A256 /* Clip.swift in Sources */ = {isa = PBXBuildFile; fileRef = 687D208220C681D000E7A256 /* Clip.swift */; };
		687D208520C6826500E7A256 /* RawRecording.swift in Sources */ = {isa = PBXBuildFile; fileRef = 687D208420C6826500E7A256 /* RawRecording.swift */; };
		687D208A20C75CA100E7A256 /* AssetExporter.swift in Sources */ = {isa = PBXBuildFile; fileRef = 687D208920C75CA100E7A256 /* AssetExporter.swift */; };
		687D208E20CF4DA800E7A256 /* FinishedRecording.swift in Sources */ = {isa = PBXBuildFile; fileRef = 687D208D20CF4DA800E7A256 /* FinishedRecording.swift */; };
		687D209020CF4DEF00E7A256 /* PlayerService.swift in Sources */ = {isa = PBXBuildFile; fileRef = 687D208F20CF4DEF00E7A256 /* PlayerService.swift */; };
		687D209220CF503100E7A256 /* AudioFileMerger.swift in Sources */ = {isa = PBXBuildFile; fileRef = 687D209120CF503100E7A256 /* AudioFileMerger.swift */; };
		687D209420D063B400E7A256 /* Default-568h@2x.png in Resources */ = {isa = PBXBuildFile; fileRef = 687D209320D063B400E7A256 /* Default-568h@2x.png */; };
		687D20A020D0903A00E7A256 /* FirebaseAnalyticsManager.swift in Sources */ = {isa = PBXBuildFile; fileRef = 687D209F20D0903A00E7A256 /* FirebaseAnalyticsManager.swift */; };
		687D20A320D0953400E7A256 /* RecordingTableViewCell.swift in Sources */ = {isa = PBXBuildFile; fileRef = 687D20A220D0953400E7A256 /* RecordingTableViewCell.swift */; };
		687D20A520D3AB5E00E7A256 /* GoogleService-Info.plist in Resources */ = {isa = PBXBuildFile; fileRef = 687D20A420D3AB5D00E7A256 /* GoogleService-Info.plist */; };
		68AC835220C1105C005638F9 /* AppDelegate.swift in Sources */ = {isa = PBXBuildFile; fileRef = 68AC835120C1105C005638F9 /* AppDelegate.swift */; };
		68AC835420C1105C005638F9 /* FirstViewController.swift in Sources */ = {isa = PBXBuildFile; fileRef = 68AC835320C1105C005638F9 /* FirstViewController.swift */; };
		68AC835620C1105C005638F9 /* SecondViewController.swift in Sources */ = {isa = PBXBuildFile; fileRef = 68AC835520C1105C005638F9 /* SecondViewController.swift */; };
		68AC835920C1105C005638F9 /* Main.storyboard in Resources */ = {isa = PBXBuildFile; fileRef = 68AC835720C1105C005638F9 /* Main.storyboard */; };
		68AC835B20C1105E005638F9 /* Assets.xcassets in Resources */ = {isa = PBXBuildFile; fileRef = 68AC835A20C1105E005638F9 /* Assets.xcassets */; };
		68AC835E20C1105E005638F9 /* LaunchScreen.storyboard in Resources */ = {isa = PBXBuildFile; fileRef = 68AC835C20C1105E005638F9 /* LaunchScreen.storyboard */; };
		68AC836920C1105F005638F9 /* RappucinoTests.swift in Sources */ = {isa = PBXBuildFile; fileRef = 68AC836820C1105F005638F9 /* RappucinoTests.swift */; };
		68AC837420C1105F005638F9 /* RappucinoUITests.swift in Sources */ = {isa = PBXBuildFile; fileRef = 68AC837320C1105F005638F9 /* RappucinoUITests.swift */; };
		68CB30D920DC717200A97AEC /* Api.swift in Sources */ = {isa = PBXBuildFile; fileRef = 68CB30D820DC717200A97AEC /* Api.swift */; };
		68CB30DB20DCDF2000A97AEC /* ThirdViewController.swift in Sources */ = {isa = PBXBuildFile; fileRef = 68CB30DA20DCDF2000A97AEC /* ThirdViewController.swift */; };
		68CB30DD20DCE1E100A97AEC /* Rapper.swift in Sources */ = {isa = PBXBuildFile; fileRef = 68CB30DC20DCE1E100A97AEC /* Rapper.swift */; };
		68CB30DF20DCE31200A97AEC /* Squad.swift in Sources */ = {isa = PBXBuildFile; fileRef = 68CB30DE20DCE31200A97AEC /* Squad.swift */; };
		68CB30E120DCEB9300A97AEC /* SquadTableViewCell.swift in Sources */ = {isa = PBXBuildFile; fileRef = 68CB30E020DCEB9300A97AEC /* SquadTableViewCell.swift */; };
		68CB30E320DD994C00A97AEC /* SquadViewController.swift in Sources */ = {isa = PBXBuildFile; fileRef = 68CB30E220DD994C00A97AEC /* SquadViewController.swift */; };
		68CB30E520DD9DB700A97AEC /* LoginViewController.swift in Sources */ = {isa = PBXBuildFile; fileRef = 68CB30E420DD9DB700A97AEC /* LoginViewController.swift */; };
		9B1F6EE7D883BFC2CD7846E1 /* Pods_RappucinoTests.framework in Frameworks */ = {isa = PBXBuildFile; fileRef = 886DE3EAF990642859D016A2 /* Pods_RappucinoTests.framework */; };
		AF6A29D17A880CACF064B4EC /* Pods_Rappucino.framework in Frameworks */ = {isa = PBXBuildFile; fileRef = 463749F1D5358433A982CF4B /* Pods_Rappucino.framework */; };
/* End PBXBuildFile section */

/* Begin PBXContainerItemProxy section */
		68AC836520C1105F005638F9 /* PBXContainerItemProxy */ = {
			isa = PBXContainerItemProxy;
			containerPortal = 68AC834620C1105C005638F9 /* Project object */;
			proxyType = 1;
			remoteGlobalIDString = 68AC834D20C1105C005638F9;
			remoteInfo = Rappucino;
		};
		68AC837020C1105F005638F9 /* PBXContainerItemProxy */ = {
			isa = PBXContainerItemProxy;
			containerPortal = 68AC834620C1105C005638F9 /* Project object */;
			proxyType = 1;
			remoteGlobalIDString = 68AC834D20C1105C005638F9;
			remoteInfo = Rappucino;
		};
/* End PBXContainerItemProxy section */

/* Begin PBXFileReference section */
		1C645352AF5BBD2482755267 /* Pods-Rappucino.release.xcconfig */ = {isa = PBXFileReference; includeInIndex = 1; lastKnownFileType = text.xcconfig; name = "Pods-Rappucino.release.xcconfig"; path = "Pods/Target Support Files/Pods-Rappucino/Pods-Rappucino.release.xcconfig"; sourceTree = "<group>"; };
		319B4F9060FFE41C95F217C8 /* Pods-Rappucino.debug.xcconfig */ = {isa = PBXFileReference; includeInIndex = 1; lastKnownFileType = text.xcconfig; name = "Pods-Rappucino.debug.xcconfig"; path = "Pods/Target Support Files/Pods-Rappucino/Pods-Rappucino.debug.xcconfig"; sourceTree = "<group>"; };
		463749F1D5358433A982CF4B /* Pods_Rappucino.framework */ = {isa = PBXFileReference; explicitFileType = wrapper.framework; includeInIndex = 0; path = Pods_Rappucino.framework; sourceTree = BUILT_PRODUCTS_DIR; };
		684A73323B2A144E4A1072E0 /* Pods_RappucinoUITests.framework */ = {isa = PBXFileReference; explicitFileType = wrapper.framework; includeInIndex = 0; path = Pods_RappucinoUITests.framework; sourceTree = BUILT_PRODUCTS_DIR; };
		6858989620E4C4AE002F1F5E /* SearchContainerVC.swift */ = {isa = PBXFileReference; lastKnownFileType = sourcecode.swift; path = SearchContainerVC.swift; sourceTree = "<group>"; };
		687D208020C680C500E7A256 /* RecordingService.swift */ = {isa = PBXFileReference; lastKnownFileType = sourcecode.swift; path = RecordingService.swift; sourceTree = "<group>"; };
		687D208220C681D000E7A256 /* Clip.swift */ = {isa = PBXFileReference; lastKnownFileType = sourcecode.swift; path = Clip.swift; sourceTree = "<group>"; };
		687D208420C6826500E7A256 /* RawRecording.swift */ = {isa = PBXFileReference; lastKnownFileType = sourcecode.swift; path = RawRecording.swift; sourceTree = "<group>"; };
		687D208920C75CA100E7A256 /* AssetExporter.swift */ = {isa = PBXFileReference; lastKnownFileType = sourcecode.swift; path = AssetExporter.swift; sourceTree = "<group>"; };
		687D208D20CF4DA800E7A256 /* FinishedRecording.swift */ = {isa = PBXFileReference; lastKnownFileType = sourcecode.swift; path = FinishedRecording.swift; sourceTree = "<group>"; };
		687D208F20CF4DEF00E7A256 /* PlayerService.swift */ = {isa = PBXFileReference; lastKnownFileType = sourcecode.swift; path = PlayerService.swift; sourceTree = "<group>"; };
		687D209120CF503100E7A256 /* AudioFileMerger.swift */ = {isa = PBXFileReference; lastKnownFileType = sourcecode.swift; path = AudioFileMerger.swift; sourceTree = "<group>"; };
		687D209320D063B400E7A256 /* Default-568h@2x.png */ = {isa = PBXFileReference; lastKnownFileType = image.png; path = "Default-568h@2x.png"; sourceTree = "<group>"; };
		687D209920D0684100E7A256 /* Info.plist */ = {isa = PBXFileReference; lastKnownFileType = text.plist.xml; path = Info.plist; sourceTree = "<group>"; };
		687D209F20D0903A00E7A256 /* FirebaseAnalyticsManager.swift */ = {isa = PBXFileReference; lastKnownFileType = sourcecode.swift; path = FirebaseAnalyticsManager.swift; sourceTree = "<group>"; };
		687D20A220D0953400E7A256 /* RecordingTableViewCell.swift */ = {isa = PBXFileReference; lastKnownFileType = sourcecode.swift; path = RecordingTableViewCell.swift; sourceTree = "<group>"; };
		687D20A420D3AB5D00E7A256 /* GoogleService-Info.plist */ = {isa = PBXFileReference; fileEncoding = 4; lastKnownFileType = text.plist.xml; path = "GoogleService-Info.plist"; sourceTree = "<group>"; };
		68AC834E20C1105C005638F9 /* Rappucino.app */ = {isa = PBXFileReference; explicitFileType = wrapper.application; includeInIndex = 0; path = Rappucino.app; sourceTree = BUILT_PRODUCTS_DIR; };
		68AC835120C1105C005638F9 /* AppDelegate.swift */ = {isa = PBXFileReference; lastKnownFileType = sourcecode.swift; path = AppDelegate.swift; sourceTree = "<group>"; };
		68AC835320C1105C005638F9 /* FirstViewController.swift */ = {isa = PBXFileReference; lastKnownFileType = sourcecode.swift; path = FirstViewController.swift; sourceTree = "<group>"; };
		68AC835520C1105C005638F9 /* SecondViewController.swift */ = {isa = PBXFileReference; lastKnownFileType = sourcecode.swift; path = SecondViewController.swift; sourceTree = "<group>"; };
		68AC835820C1105C005638F9 /* Base */ = {isa = PBXFileReference; lastKnownFileType = file.storyboard; name = Base; path = Base.lproj/Main.storyboard; sourceTree = "<group>"; };
		68AC835A20C1105E005638F9 /* Assets.xcassets */ = {isa = PBXFileReference; lastKnownFileType = folder.assetcatalog; path = Assets.xcassets; sourceTree = "<group>"; };
		68AC835D20C1105E005638F9 /* Base */ = {isa = PBXFileReference; lastKnownFileType = file.storyboard; name = Base; path = Base.lproj/LaunchScreen.storyboard; sourceTree = "<group>"; };
		68AC836420C1105F005638F9 /* RappucinoTests.xctest */ = {isa = PBXFileReference; explicitFileType = wrapper.cfbundle; includeInIndex = 0; path = RappucinoTests.xctest; sourceTree = BUILT_PRODUCTS_DIR; };
		68AC836820C1105F005638F9 /* RappucinoTests.swift */ = {isa = PBXFileReference; lastKnownFileType = sourcecode.swift; path = RappucinoTests.swift; sourceTree = "<group>"; };
		68AC836A20C1105F005638F9 /* Info.plist */ = {isa = PBXFileReference; lastKnownFileType = text.plist.xml; path = Info.plist; sourceTree = "<group>"; };
		68AC836F20C1105F005638F9 /* RappucinoUITests.xctest */ = {isa = PBXFileReference; explicitFileType = wrapper.cfbundle; includeInIndex = 0; path = RappucinoUITests.xctest; sourceTree = BUILT_PRODUCTS_DIR; };
		68AC837320C1105F005638F9 /* RappucinoUITests.swift */ = {isa = PBXFileReference; lastKnownFileType = sourcecode.swift; path = RappucinoUITests.swift; sourceTree = "<group>"; };
		68AC837520C1105F005638F9 /* Info.plist */ = {isa = PBXFileReference; lastKnownFileType = text.plist.xml; path = Info.plist; sourceTree = "<group>"; };
		68CB30D820DC717200A97AEC /* Api.swift */ = {isa = PBXFileReference; lastKnownFileType = sourcecode.swift; path = Api.swift; sourceTree = "<group>"; };
		68CB30DA20DCDF2000A97AEC /* ThirdViewController.swift */ = {isa = PBXFileReference; lastKnownFileType = sourcecode.swift; path = ThirdViewController.swift; sourceTree = "<group>"; };
		68CB30DC20DCE1E100A97AEC /* Rapper.swift */ = {isa = PBXFileReference; lastKnownFileType = sourcecode.swift; path = Rapper.swift; sourceTree = "<group>"; };
		68CB30DE20DCE31200A97AEC /* Squad.swift */ = {isa = PBXFileReference; lastKnownFileType = sourcecode.swift; path = Squad.swift; sourceTree = "<group>"; };
		68CB30E020DCEB9300A97AEC /* SquadTableViewCell.swift */ = {isa = PBXFileReference; lastKnownFileType = sourcecode.swift; path = SquadTableViewCell.swift; sourceTree = "<group>"; };
		68CB30E220DD994C00A97AEC /* SquadViewController.swift */ = {isa = PBXFileReference; lastKnownFileType = sourcecode.swift; path = SquadViewController.swift; sourceTree = "<group>"; };
		68CB30E420DD9DB700A97AEC /* LoginViewController.swift */ = {isa = PBXFileReference; lastKnownFileType = sourcecode.swift; path = LoginViewController.swift; sourceTree = "<group>"; };
		72413117091975E56A3730C7 /* Pods-RappucinoUITests.release.xcconfig */ = {isa = PBXFileReference; includeInIndex = 1; lastKnownFileType = text.xcconfig; name = "Pods-RappucinoUITests.release.xcconfig"; path = "Pods/Target Support Files/Pods-RappucinoUITests/Pods-RappucinoUITests.release.xcconfig"; sourceTree = "<group>"; };
		8775174E3EB040BA886DB62B /* Pods-RappucinoUITests.debug.xcconfig */ = {isa = PBXFileReference; includeInIndex = 1; lastKnownFileType = text.xcconfig; name = "Pods-RappucinoUITests.debug.xcconfig"; path = "Pods/Target Support Files/Pods-RappucinoUITests/Pods-RappucinoUITests.debug.xcconfig"; sourceTree = "<group>"; };
		886DE3EAF990642859D016A2 /* Pods_RappucinoTests.framework */ = {isa = PBXFileReference; explicitFileType = wrapper.framework; includeInIndex = 0; path = Pods_RappucinoTests.framework; sourceTree = BUILT_PRODUCTS_DIR; };
		DBBF278CDF20C18380822F52 /* Pods-RappucinoTests.debug.xcconfig */ = {isa = PBXFileReference; includeInIndex = 1; lastKnownFileType = text.xcconfig; name = "Pods-RappucinoTests.debug.xcconfig"; path = "Pods/Target Support Files/Pods-RappucinoTests/Pods-RappucinoTests.debug.xcconfig"; sourceTree = "<group>"; };
		F9828FFC4A9C2B5B40D5C970 /* Pods-RappucinoTests.release.xcconfig */ = {isa = PBXFileReference; includeInIndex = 1; lastKnownFileType = text.xcconfig; name = "Pods-RappucinoTests.release.xcconfig"; path = "Pods/Target Support Files/Pods-RappucinoTests/Pods-RappucinoTests.release.xcconfig"; sourceTree = "<group>"; };
/* End PBXFileReference section */

/* Begin PBXFrameworksBuildPhase section */
		68AC834B20C1105C005638F9 /* Frameworks */ = {
			isa = PBXFrameworksBuildPhase;
			buildActionMask = 2147483647;
			files = (
				AF6A29D17A880CACF064B4EC /* Pods_Rappucino.framework in Frameworks */,
			);
			runOnlyForDeploymentPostprocessing = 0;
		};
		68AC836120C1105F005638F9 /* Frameworks */ = {
			isa = PBXFrameworksBuildPhase;
			buildActionMask = 2147483647;
			files = (
				9B1F6EE7D883BFC2CD7846E1 /* Pods_RappucinoTests.framework in Frameworks */,
			);
			runOnlyForDeploymentPostprocessing = 0;
		};
		68AC836C20C1105F005638F9 /* Frameworks */ = {
			isa = PBXFrameworksBuildPhase;
			buildActionMask = 2147483647;
			files = (
				429DE9935C40A57E5066AE33 /* Pods_RappucinoUITests.framework in Frameworks */,
			);
			runOnlyForDeploymentPostprocessing = 0;
		};
/* End PBXFrameworksBuildPhase section */

/* Begin PBXGroup section */
		0F4507F59FE10AA129A4F536 /* Frameworks */ = {
			isa = PBXGroup;
			children = (
				463749F1D5358433A982CF4B /* Pods_Rappucino.framework */,
				886DE3EAF990642859D016A2 /* Pods_RappucinoTests.framework */,
				684A73323B2A144E4A1072E0 /* Pods_RappucinoUITests.framework */,
			);
			name = Frameworks;
			sourceTree = "<group>";
		};
		490919278DCE1CFF4BCCD317 /* Pods */ = {
			isa = PBXGroup;
			children = (
				319B4F9060FFE41C95F217C8 /* Pods-Rappucino.debug.xcconfig */,
				1C645352AF5BBD2482755267 /* Pods-Rappucino.release.xcconfig */,
				DBBF278CDF20C18380822F52 /* Pods-RappucinoTests.debug.xcconfig */,
				F9828FFC4A9C2B5B40D5C970 /* Pods-RappucinoTests.release.xcconfig */,
				8775174E3EB040BA886DB62B /* Pods-RappucinoUITests.debug.xcconfig */,
				72413117091975E56A3730C7 /* Pods-RappucinoUITests.release.xcconfig */,
			);
			name = Pods;
			sourceTree = "<group>";
		};
		687D208620C6828A00E7A256 /* Models */ = {
			isa = PBXGroup;
			children = (
				687D208220C681D000E7A256 /* Clip.swift */,
				687D208420C6826500E7A256 /* RawRecording.swift */,
				687D208D20CF4DA800E7A256 /* FinishedRecording.swift */,
				68CB30DC20DCE1E100A97AEC /* Rapper.swift */,
				68CB30DE20DCE31200A97AEC /* Squad.swift */,
			);
			path = Models;
			sourceTree = "<group>";
		};
		687D208720C6829B00E7A256 /* ViewControllers */ = {
			isa = PBXGroup;
			children = (
				68CB30E420DD9DB700A97AEC /* LoginViewController.swift */,
				68AC835320C1105C005638F9 /* FirstViewController.swift */,
				68AC835520C1105C005638F9 /* SecondViewController.swift */,
				68CB30DA20DCDF2000A97AEC /* ThirdViewController.swift */,
				6858989620E4C4AE002F1F5E /* SearchContainerVC.swift */,
				68CB30E220DD994C00A97AEC /* SquadViewController.swift */,
			);
			path = ViewControllers;
			sourceTree = "<group>";
		};
		687D208820C682A800E7A256 /* Services */ = {
			isa = PBXGroup;
			children = (
				687D208020C680C500E7A256 /* RecordingService.swift */,
				687D208920C75CA100E7A256 /* AssetExporter.swift */,
				687D208F20CF4DEF00E7A256 /* PlayerService.swift */,
				687D209120CF503100E7A256 /* AudioFileMerger.swift */,
				687D209F20D0903A00E7A256 /* FirebaseAnalyticsManager.swift */,
				68CB30D820DC717200A97AEC /* Api.swift */,
			);
			path = Services;
			sourceTree = "<group>";
		};
		687D20A120D0947100E7A256 /* Views */ = {
			isa = PBXGroup;
			children = (
				687D20A220D0953400E7A256 /* RecordingTableViewCell.swift */,
				68CB30E020DCEB9300A97AEC /* SquadTableViewCell.swift */,
			);
			path = Views;
			sourceTree = "<group>";
		};
		68AC834520C1105C005638F9 = {
			isa = PBXGroup;
			children = (
				687D209320D063B400E7A256 /* Default-568h@2x.png */,
				68AC835020C1105C005638F9 /* Rappucino */,
				68AC836720C1105F005638F9 /* RappucinoTests */,
				68AC837220C1105F005638F9 /* RappucinoUITests */,
				68AC834F20C1105C005638F9 /* Products */,
				490919278DCE1CFF4BCCD317 /* Pods */,
				0F4507F59FE10AA129A4F536 /* Frameworks */,
			);
			sourceTree = "<group>";
		};
		68AC834F20C1105C005638F9 /* Products */ = {
			isa = PBXGroup;
			children = (
				68AC834E20C1105C005638F9 /* Rappucino.app */,
				68AC836420C1105F005638F9 /* RappucinoTests.xctest */,
				68AC836F20C1105F005638F9 /* RappucinoUITests.xctest */,
			);
			name = Products;
			sourceTree = "<group>";
		};
		68AC835020C1105C005638F9 /* Rappucino */ = {
			isa = PBXGroup;
			children = (
				68AC835120C1105C005638F9 /* AppDelegate.swift */,
				687D208720C6829B00E7A256 /* ViewControllers */,
				687D208820C682A800E7A256 /* Services */,
				687D208620C6828A00E7A256 /* Models */,
				687D20A120D0947100E7A256 /* Views */,
				68AC835720C1105C005638F9 /* Main.storyboard */,
				68AC835A20C1105E005638F9 /* Assets.xcassets */,
				68AC835C20C1105E005638F9 /* LaunchScreen.storyboard */,
				687D20A420D3AB5D00E7A256 /* GoogleService-Info.plist */,
				687D209920D0684100E7A256 /* Info.plist */,
			);
			path = Rappucino;
			sourceTree = "<group>";
		};
		68AC836720C1105F005638F9 /* RappucinoTests */ = {
			isa = PBXGroup;
			children = (
				68AC836820C1105F005638F9 /* RappucinoTests.swift */,
				68AC836A20C1105F005638F9 /* Info.plist */,
			);
			path = RappucinoTests;
			sourceTree = "<group>";
		};
		68AC837220C1105F005638F9 /* RappucinoUITests */ = {
			isa = PBXGroup;
			children = (
				68AC837320C1105F005638F9 /* RappucinoUITests.swift */,
				68AC837520C1105F005638F9 /* Info.plist */,
			);
			path = RappucinoUITests;
			sourceTree = "<group>";
		};
/* End PBXGroup section */

/* Begin PBXNativeTarget section */
		68AC834D20C1105C005638F9 /* Rappucino */ = {
			isa = PBXNativeTarget;
			buildConfigurationList = 68AC837820C1105F005638F9 /* Build configuration list for PBXNativeTarget "Rappucino" */;
			buildPhases = (
				1A72A01C6C9FFD765D965FE1 /* [CP] Check Pods Manifest.lock */,
				68AC834A20C1105C005638F9 /* Sources */,
				68AC834B20C1105C005638F9 /* Frameworks */,
				68AC834C20C1105C005638F9 /* Resources */,
				27F90037FF0657609E0E1950 /* [CP] Embed Pods Frameworks */,
			);
			buildRules = (
			);
			dependencies = (
			);
			name = Rappucino;
			productName = Rappucino;
			productReference = 68AC834E20C1105C005638F9 /* Rappucino.app */;
			productType = "com.apple.product-type.application";
		};
		68AC836320C1105F005638F9 /* RappucinoTests */ = {
			isa = PBXNativeTarget;
			buildConfigurationList = 68AC837B20C1105F005638F9 /* Build configuration list for PBXNativeTarget "RappucinoTests" */;
			buildPhases = (
				06FA7BE12B8791F78CEF2480 /* [CP] Check Pods Manifest.lock */,
				68AC836020C1105F005638F9 /* Sources */,
				68AC836120C1105F005638F9 /* Frameworks */,
				68AC836220C1105F005638F9 /* Resources */,
			);
			buildRules = (
			);
			dependencies = (
				68AC836620C1105F005638F9 /* PBXTargetDependency */,
			);
			name = RappucinoTests;
			productName = RappucinoTests;
			productReference = 68AC836420C1105F005638F9 /* RappucinoTests.xctest */;
			productType = "com.apple.product-type.bundle.unit-test";
		};
		68AC836E20C1105F005638F9 /* RappucinoUITests */ = {
			isa = PBXNativeTarget;
			buildConfigurationList = 68AC837E20C1105F005638F9 /* Build configuration list for PBXNativeTarget "RappucinoUITests" */;
			buildPhases = (
				8776D9642CC8A7652AD68B8F /* [CP] Check Pods Manifest.lock */,
				68AC836B20C1105F005638F9 /* Sources */,
				68AC836C20C1105F005638F9 /* Frameworks */,
				68AC836D20C1105F005638F9 /* Resources */,
			);
			buildRules = (
			);
			dependencies = (
				68AC837120C1105F005638F9 /* PBXTargetDependency */,
			);
			name = RappucinoUITests;
			productName = RappucinoUITests;
			productReference = 68AC836F20C1105F005638F9 /* RappucinoUITests.xctest */;
			productType = "com.apple.product-type.bundle.ui-testing";
		};
/* End PBXNativeTarget section */

/* Begin PBXProject section */
		68AC834620C1105C005638F9 /* Project object */ = {
			isa = PBXProject;
			attributes = {
				LastSwiftUpdateCheck = 0930;
				LastUpgradeCheck = 0930;
				ORGANIZATIONNAME = logangeefs;
				TargetAttributes = {
					68AC834D20C1105C005638F9 = {
						CreatedOnToolsVersion = 9.3;
					};
					68AC836320C1105F005638F9 = {
						CreatedOnToolsVersion = 9.3;
						TestTargetID = 68AC834D20C1105C005638F9;
					};
					68AC836E20C1105F005638F9 = {
						CreatedOnToolsVersion = 9.3;
						TestTargetID = 68AC834D20C1105C005638F9;
					};
				};
			};
			buildConfigurationList = 68AC834920C1105C005638F9 /* Build configuration list for PBXProject "Rappucino" */;
			compatibilityVersion = "Xcode 9.3";
			developmentRegion = en;
			hasScannedForEncodings = 0;
			knownRegions = (
				en,
				Base,
			);
			mainGroup = 68AC834520C1105C005638F9;
			productRefGroup = 68AC834F20C1105C005638F9 /* Products */;
			projectDirPath = "";
			projectRoot = "";
			targets = (
				68AC834D20C1105C005638F9 /* Rappucino */,
				68AC836320C1105F005638F9 /* RappucinoTests */,
				68AC836E20C1105F005638F9 /* RappucinoUITests */,
			);
		};
/* End PBXProject section */

/* Begin PBXResourcesBuildPhase section */
		68AC834C20C1105C005638F9 /* Resources */ = {
			isa = PBXResourcesBuildPhase;
			buildActionMask = 2147483647;
			files = (
				68AC835E20C1105E005638F9 /* LaunchScreen.storyboard in Resources */,
				68AC835B20C1105E005638F9 /* Assets.xcassets in Resources */,
				687D20A520D3AB5E00E7A256 /* GoogleService-Info.plist in Resources */,
				687D209420D063B400E7A256 /* Default-568h@2x.png in Resources */,
				68AC835920C1105C005638F9 /* Main.storyboard in Resources */,
			);
			runOnlyForDeploymentPostprocessing = 0;
		};
		68AC836220C1105F005638F9 /* Resources */ = {
			isa = PBXResourcesBuildPhase;
			buildActionMask = 2147483647;
			files = (
			);
			runOnlyForDeploymentPostprocessing = 0;
		};
		68AC836D20C1105F005638F9 /* Resources */ = {
			isa = PBXResourcesBuildPhase;
			buildActionMask = 2147483647;
			files = (
			);
			runOnlyForDeploymentPostprocessing = 0;
		};
/* End PBXResourcesBuildPhase section */

/* Begin PBXShellScriptBuildPhase section */
		06FA7BE12B8791F78CEF2480 /* [CP] Check Pods Manifest.lock */ = {
			isa = PBXShellScriptBuildPhase;
			buildActionMask = 2147483647;
			files = (
			);
			inputPaths = (
				"${PODS_PODFILE_DIR_PATH}/Podfile.lock",
				"${PODS_ROOT}/Manifest.lock",
			);
			name = "[CP] Check Pods Manifest.lock";
			outputPaths = (
				"$(DERIVED_FILE_DIR)/Pods-RappucinoTests-checkManifestLockResult.txt",
			);
			runOnlyForDeploymentPostprocessing = 0;
			shellPath = /bin/sh;
			shellScript = "diff \"${PODS_PODFILE_DIR_PATH}/Podfile.lock\" \"${PODS_ROOT}/Manifest.lock\" > /dev/null\nif [ $? != 0 ] ; then\n    # print error to STDERR\n    echo \"error: The sandbox is not in sync with the Podfile.lock. Run 'pod install' or update your CocoaPods installation.\" >&2\n    exit 1\nfi\n# This output is used by Xcode 'outputs' to avoid re-running this script phase.\necho \"SUCCESS\" > \"${SCRIPT_OUTPUT_FILE_0}\"\n";
			showEnvVarsInLog = 0;
		};
		1A72A01C6C9FFD765D965FE1 /* [CP] Check Pods Manifest.lock */ = {
			isa = PBXShellScriptBuildPhase;
			buildActionMask = 2147483647;
			files = (
			);
			inputPaths = (
				"${PODS_PODFILE_DIR_PATH}/Podfile.lock",
				"${PODS_ROOT}/Manifest.lock",
			);
			name = "[CP] Check Pods Manifest.lock";
			outputPaths = (
				"$(DERIVED_FILE_DIR)/Pods-Rappucino-checkManifestLockResult.txt",
			);
			runOnlyForDeploymentPostprocessing = 0;
			shellPath = /bin/sh;
			shellScript = "diff \"${PODS_PODFILE_DIR_PATH}/Podfile.lock\" \"${PODS_ROOT}/Manifest.lock\" > /dev/null\nif [ $? != 0 ] ; then\n    # print error to STDERR\n    echo \"error: The sandbox is not in sync with the Podfile.lock. Run 'pod install' or update your CocoaPods installation.\" >&2\n    exit 1\nfi\n# This output is used by Xcode 'outputs' to avoid re-running this script phase.\necho \"SUCCESS\" > \"${SCRIPT_OUTPUT_FILE_0}\"\n";
			showEnvVarsInLog = 0;
		};
		27F90037FF0657609E0E1950 /* [CP] Embed Pods Frameworks */ = {
			isa = PBXShellScriptBuildPhase;
			buildActionMask = 2147483647;
			files = (
			);
			inputPaths = (
				"${SRCROOT}/Pods/Target Support Files/Pods-Rappucino/Pods-Rappucino-frameworks.sh",
				"${BUILT_PRODUCTS_DIR}/GoogleToolboxForMac/GoogleToolboxForMac.framework",
				"${BUILT_PRODUCTS_DIR}/nanopb/nanopb.framework",
			);
			name = "[CP] Embed Pods Frameworks";
			outputPaths = (
				"${TARGET_BUILD_DIR}/${FRAMEWORKS_FOLDER_PATH}/GoogleToolboxForMac.framework",
				"${TARGET_BUILD_DIR}/${FRAMEWORKS_FOLDER_PATH}/nanopb.framework",
			);
			runOnlyForDeploymentPostprocessing = 0;
			shellPath = /bin/sh;
			shellScript = "\"${SRCROOT}/Pods/Target Support Files/Pods-Rappucino/Pods-Rappucino-frameworks.sh\"\n";
			showEnvVarsInLog = 0;
		};
		8776D9642CC8A7652AD68B8F /* [CP] Check Pods Manifest.lock */ = {
			isa = PBXShellScriptBuildPhase;
			buildActionMask = 2147483647;
			files = (
			);
			inputPaths = (
				"${PODS_PODFILE_DIR_PATH}/Podfile.lock",
				"${PODS_ROOT}/Manifest.lock",
			);
			name = "[CP] Check Pods Manifest.lock";
			outputPaths = (
				"$(DERIVED_FILE_DIR)/Pods-RappucinoUITests-checkManifestLockResult.txt",
			);
			runOnlyForDeploymentPostprocessing = 0;
			shellPath = /bin/sh;
			shellScript = "diff \"${PODS_PODFILE_DIR_PATH}/Podfile.lock\" \"${PODS_ROOT}/Manifest.lock\" > /dev/null\nif [ $? != 0 ] ; then\n    # print error to STDERR\n    echo \"error: The sandbox is not in sync with the Podfile.lock. Run 'pod install' or update your CocoaPods installation.\" >&2\n    exit 1\nfi\n# This output is used by Xcode 'outputs' to avoid re-running this script phase.\necho \"SUCCESS\" > \"${SCRIPT_OUTPUT_FILE_0}\"\n";
			showEnvVarsInLog = 0;
		};
/* End PBXShellScriptBuildPhase section */

/* Begin PBXSourcesBuildPhase section */
		68AC834A20C1105C005638F9 /* Sources */ = {
			isa = PBXSourcesBuildPhase;
			buildActionMask = 2147483647;
			files = (
				687D209220CF503100E7A256 /* AudioFileMerger.swift in Sources */,
				687D208A20C75CA100E7A256 /* AssetExporter.swift in Sources */,
				68AC835620C1105C005638F9 /* SecondViewController.swift in Sources */,
				6858989720E4C4AE002F1F5E /* SearchContainerVC.swift in Sources */,
				687D208120C680C600E7A256 /* RecordingService.swift in Sources */,
				68CB30E520DD9DB700A97AEC /* LoginViewController.swift in Sources */,
				68CB30DF20DCE31200A97AEC /* Squad.swift in Sources */,
				68CB30E120DCEB9300A97AEC /* SquadTableViewCell.swift in Sources */,
				687D208320C681D000E7A256 /* Clip.swift in Sources */,
				687D208E20CF4DA800E7A256 /* FinishedRecording.swift in Sources */,
				68CB30D920DC717200A97AEC /* Api.swift in Sources */,
				687D209020CF4DEF00E7A256 /* PlayerService.swift in Sources */,
				687D20A320D0953400E7A256 /* RecordingTableViewCell.swift in Sources */,
				68AC835220C1105C005638F9 /* AppDelegate.swift in Sources */,
				68CB30DB20DCDF2000A97AEC /* ThirdViewController.swift in Sources */,
				687D208520C6826500E7A256 /* RawRecording.swift in Sources */,
				68AC835420C1105C005638F9 /* FirstViewController.swift in Sources */,
				68CB30E320DD994C00A97AEC /* SquadViewController.swift in Sources */,
				68CB30DD20DCE1E100A97AEC /* Rapper.swift in Sources */,
				687D20A020D0903A00E7A256 /* FirebaseAnalyticsManager.swift in Sources */,
			);
			runOnlyForDeploymentPostprocessing = 0;
		};
		68AC836020C1105F005638F9 /* Sources */ = {
			isa = PBXSourcesBuildPhase;
			buildActionMask = 2147483647;
			files = (
				68AC836920C1105F005638F9 /* RappucinoTests.swift in Sources */,
			);
			runOnlyForDeploymentPostprocessing = 0;
		};
		68AC836B20C1105F005638F9 /* Sources */ = {
			isa = PBXSourcesBuildPhase;
			buildActionMask = 2147483647;
			files = (
				68AC837420C1105F005638F9 /* RappucinoUITests.swift in Sources */,
			);
			runOnlyForDeploymentPostprocessing = 0;
		};
/* End PBXSourcesBuildPhase section */

/* Begin PBXTargetDependency section */
		68AC836620C1105F005638F9 /* PBXTargetDependency */ = {
			isa = PBXTargetDependency;
			target = 68AC834D20C1105C005638F9 /* Rappucino */;
			targetProxy = 68AC836520C1105F005638F9 /* PBXContainerItemProxy */;
		};
		68AC837120C1105F005638F9 /* PBXTargetDependency */ = {
			isa = PBXTargetDependency;
			target = 68AC834D20C1105C005638F9 /* Rappucino */;
			targetProxy = 68AC837020C1105F005638F9 /* PBXContainerItemProxy */;
		};
/* End PBXTargetDependency section */

/* Begin PBXVariantGroup section */
		68AC835720C1105C005638F9 /* Main.storyboard */ = {
			isa = PBXVariantGroup;
			children = (
				68AC835820C1105C005638F9 /* Base */,
			);
			name = Main.storyboard;
			sourceTree = "<group>";
		};
		68AC835C20C1105E005638F9 /* LaunchScreen.storyboard */ = {
			isa = PBXVariantGroup;
			children = (
				68AC835D20C1105E005638F9 /* Base */,
			);
			name = LaunchScreen.storyboard;
			sourceTree = "<group>";
		};
/* End PBXVariantGroup section */

/* Begin XCBuildConfiguration section */
		68AC837620C1105F005638F9 /* Debug */ = {
			isa = XCBuildConfiguration;
			buildSettings = {
				ALWAYS_SEARCH_USER_PATHS = NO;
				CLANG_ANALYZER_NONNULL = YES;
				CLANG_ANALYZER_NUMBER_OBJECT_CONVERSION = YES_AGGRESSIVE;
				CLANG_CXX_LANGUAGE_STANDARD = "gnu++14";
				CLANG_CXX_LIBRARY = "libc++";
				CLANG_ENABLE_MODULES = YES;
				CLANG_ENABLE_OBJC_ARC = YES;
				CLANG_ENABLE_OBJC_WEAK = YES;
				CLANG_WARN_BLOCK_CAPTURE_AUTORELEASING = YES;
				CLANG_WARN_BOOL_CONVERSION = YES;
				CLANG_WARN_COMMA = YES;
				CLANG_WARN_CONSTANT_CONVERSION = YES;
				CLANG_WARN_DEPRECATED_OBJC_IMPLEMENTATIONS = YES;
				CLANG_WARN_DIRECT_OBJC_ISA_USAGE = YES_ERROR;
				CLANG_WARN_DOCUMENTATION_COMMENTS = YES;
				CLANG_WARN_EMPTY_BODY = YES;
				CLANG_WARN_ENUM_CONVERSION = YES;
				CLANG_WARN_INFINITE_RECURSION = YES;
				CLANG_WARN_INT_CONVERSION = YES;
				CLANG_WARN_NON_LITERAL_NULL_CONVERSION = YES;
				CLANG_WARN_OBJC_IMPLICIT_RETAIN_SELF = YES;
				CLANG_WARN_OBJC_LITERAL_CONVERSION = YES;
				CLANG_WARN_OBJC_ROOT_CLASS = YES_ERROR;
				CLANG_WARN_RANGE_LOOP_ANALYSIS = YES;
				CLANG_WARN_STRICT_PROTOTYPES = YES;
				CLANG_WARN_SUSPICIOUS_MOVE = YES;
				CLANG_WARN_UNGUARDED_AVAILABILITY = YES_AGGRESSIVE;
				CLANG_WARN_UNREACHABLE_CODE = YES;
				CLANG_WARN__DUPLICATE_METHOD_MATCH = YES;
				CODE_SIGN_IDENTITY = "iPhone Developer";
				COPY_PHASE_STRIP = NO;
				DEBUG_INFORMATION_FORMAT = dwarf;
				ENABLE_STRICT_OBJC_MSGSEND = YES;
				ENABLE_TESTABILITY = YES;
				GCC_C_LANGUAGE_STANDARD = gnu11;
				GCC_DYNAMIC_NO_PIC = NO;
				GCC_NO_COMMON_BLOCKS = YES;
				GCC_OPTIMIZATION_LEVEL = 0;
				GCC_PREPROCESSOR_DEFINITIONS = (
					"DEBUG=1",
					"$(inherited)",
				);
				GCC_WARN_64_TO_32_BIT_CONVERSION = YES;
				GCC_WARN_ABOUT_RETURN_TYPE = YES_ERROR;
				GCC_WARN_UNDECLARED_SELECTOR = YES;
				GCC_WARN_UNINITIALIZED_AUTOS = YES_AGGRESSIVE;
				GCC_WARN_UNUSED_FUNCTION = YES;
				GCC_WARN_UNUSED_VARIABLE = YES;
				IPHONEOS_DEPLOYMENT_TARGET = 11.3;
				MTL_ENABLE_DEBUG_INFO = YES;
				ONLY_ACTIVE_ARCH = YES;
				SDKROOT = iphoneos;
				SWIFT_ACTIVE_COMPILATION_CONDITIONS = DEBUG;
				SWIFT_OPTIMIZATION_LEVEL = "-Onone";
			};
			name = Debug;
		};
		68AC837720C1105F005638F9 /* Release */ = {
			isa = XCBuildConfiguration;
			buildSettings = {
				ALWAYS_SEARCH_USER_PATHS = NO;
				CLANG_ANALYZER_NONNULL = YES;
				CLANG_ANALYZER_NUMBER_OBJECT_CONVERSION = YES_AGGRESSIVE;
				CLANG_CXX_LANGUAGE_STANDARD = "gnu++14";
				CLANG_CXX_LIBRARY = "libc++";
				CLANG_ENABLE_MODULES = YES;
				CLANG_ENABLE_OBJC_ARC = YES;
				CLANG_ENABLE_OBJC_WEAK = YES;
				CLANG_WARN_BLOCK_CAPTURE_AUTORELEASING = YES;
				CLANG_WARN_BOOL_CONVERSION = YES;
				CLANG_WARN_COMMA = YES;
				CLANG_WARN_CONSTANT_CONVERSION = YES;
				CLANG_WARN_DEPRECATED_OBJC_IMPLEMENTATIONS = YES;
				CLANG_WARN_DIRECT_OBJC_ISA_USAGE = YES_ERROR;
				CLANG_WARN_DOCUMENTATION_COMMENTS = YES;
				CLANG_WARN_EMPTY_BODY = YES;
				CLANG_WARN_ENUM_CONVERSION = YES;
				CLANG_WARN_INFINITE_RECURSION = YES;
				CLANG_WARN_INT_CONVERSION = YES;
				CLANG_WARN_NON_LITERAL_NULL_CONVERSION = YES;
				CLANG_WARN_OBJC_IMPLICIT_RETAIN_SELF = YES;
				CLANG_WARN_OBJC_LITERAL_CONVERSION = YES;
				CLANG_WARN_OBJC_ROOT_CLASS = YES_ERROR;
				CLANG_WARN_RANGE_LOOP_ANALYSIS = YES;
				CLANG_WARN_STRICT_PROTOTYPES = YES;
				CLANG_WARN_SUSPICIOUS_MOVE = YES;
				CLANG_WARN_UNGUARDED_AVAILABILITY = YES_AGGRESSIVE;
				CLANG_WARN_UNREACHABLE_CODE = YES;
				CLANG_WARN__DUPLICATE_METHOD_MATCH = YES;
				CODE_SIGN_IDENTITY = "iPhone Developer";
				COPY_PHASE_STRIP = NO;
				DEBUG_INFORMATION_FORMAT = "dwarf-with-dsym";
				ENABLE_NS_ASSERTIONS = NO;
				ENABLE_STRICT_OBJC_MSGSEND = YES;
				GCC_C_LANGUAGE_STANDARD = gnu11;
				GCC_NO_COMMON_BLOCKS = YES;
				GCC_WARN_64_TO_32_BIT_CONVERSION = YES;
				GCC_WARN_ABOUT_RETURN_TYPE = YES_ERROR;
				GCC_WARN_UNDECLARED_SELECTOR = YES;
				GCC_WARN_UNINITIALIZED_AUTOS = YES_AGGRESSIVE;
				GCC_WARN_UNUSED_FUNCTION = YES;
				GCC_WARN_UNUSED_VARIABLE = YES;
				IPHONEOS_DEPLOYMENT_TARGET = 11.3;
				MTL_ENABLE_DEBUG_INFO = NO;
				SDKROOT = iphoneos;
				SWIFT_COMPILATION_MODE = wholemodule;
				SWIFT_OPTIMIZATION_LEVEL = "-O";
				VALIDATE_PRODUCT = YES;
			};
			name = Release;
		};
		68AC837920C1105F005638F9 /* Debug */ = {
			isa = XCBuildConfiguration;
			baseConfigurationReference = 319B4F9060FFE41C95F217C8 /* Pods-Rappucino.debug.xcconfig */;
			buildSettings = {
				ASSETCATALOG_COMPILER_APPICON_NAME = AppIcon;
				CODE_SIGN_STYLE = Automatic;
				DEVELOPMENT_TEAM = BL9758P7UG;
				INFOPLIST_FILE = Rappucino/Info.plist;
				LD_RUNPATH_SEARCH_PATHS = (
					"$(inherited)",
					"@executable_path/Frameworks",
				);
				PRODUCT_BUNDLE_IDENTIFIER = logangeefs.Rappucino;
				PRODUCT_NAME = "$(TARGET_NAME)";
				SWIFT_VERSION = 4.0;
				TARGETED_DEVICE_FAMILY = "1,2";
			};
			name = Debug;
		};
		68AC837A20C1105F005638F9 /* Release */ = {
			isa = XCBuildConfiguration;
			baseConfigurationReference = 1C645352AF5BBD2482755267 /* Pods-Rappucino.release.xcconfig */;
			buildSettings = {
				ASSETCATALOG_COMPILER_APPICON_NAME = AppIcon;
				CODE_SIGN_STYLE = Automatic;
				DEVELOPMENT_TEAM = BL9758P7UG;
				INFOPLIST_FILE = Rappucino/Info.plist;
				LD_RUNPATH_SEARCH_PATHS = (
					"$(inherited)",
					"@executable_path/Frameworks",
				);
				PRODUCT_BUNDLE_IDENTIFIER = logangeefs.Rappucino;
				PRODUCT_NAME = "$(TARGET_NAME)";
				SWIFT_VERSION = 4.0;
				TARGETED_DEVICE_FAMILY = "1,2";
			};
			name = Release;
		};
		68AC837C20C1105F005638F9 /* Debug */ = {
			isa = XCBuildConfiguration;
			baseConfigurationReference = DBBF278CDF20C18380822F52 /* Pods-RappucinoTests.debug.xcconfig */;
			buildSettings = {
				ALWAYS_EMBED_SWIFT_STANDARD_LIBRARIES = YES;
				BUNDLE_LOADER = "$(TEST_HOST)";
				CODE_SIGN_STYLE = Automatic;
				DEVELOPMENT_TEAM = BL9758P7UG;
				INFOPLIST_FILE = RappucinoTests/Info.plist;
				LD_RUNPATH_SEARCH_PATHS = (
					"$(inherited)",
					"@executable_path/Frameworks",
					"@loader_path/Frameworks",
				);
				PRODUCT_BUNDLE_IDENTIFIER = logangeefs.RappucinoTests;
				PRODUCT_NAME = "$(TARGET_NAME)";
				SWIFT_VERSION = 4.0;
				TARGETED_DEVICE_FAMILY = "1,2";
				TEST_HOST = "$(BUILT_PRODUCTS_DIR)/Rappucino.app/Rappucino";
			};
			name = Debug;
		};
		68AC837D20C1105F005638F9 /* Release */ = {
			isa = XCBuildConfiguration;
			baseConfigurationReference = F9828FFC4A9C2B5B40D5C970 /* Pods-RappucinoTests.release.xcconfig */;
			buildSettings = {
				ALWAYS_EMBED_SWIFT_STANDARD_LIBRARIES = YES;
				BUNDLE_LOADER = "$(TEST_HOST)";
				CODE_SIGN_STYLE = Automatic;
				DEVELOPMENT_TEAM = BL9758P7UG;
				INFOPLIST_FILE = RappucinoTests/Info.plist;
				LD_RUNPATH_SEARCH_PATHS = (
					"$(inherited)",
					"@executable_path/Frameworks",
					"@loader_path/Frameworks",
				);
				PRODUCT_BUNDLE_IDENTIFIER = logangeefs.RappucinoTests;
				PRODUCT_NAME = "$(TARGET_NAME)";
				SWIFT_VERSION = 4.0;
				TARGETED_DEVICE_FAMILY = "1,2";
				TEST_HOST = "$(BUILT_PRODUCTS_DIR)/Rappucino.app/Rappucino";
			};
			name = Release;
		};
		68AC837F20C1105F005638F9 /* Debug */ = {
			isa = XCBuildConfiguration;
			baseConfigurationReference = 8775174E3EB040BA886DB62B /* Pods-RappucinoUITests.debug.xcconfig */;
			buildSettings = {
				ALWAYS_EMBED_SWIFT_STANDARD_LIBRARIES = YES;
				CODE_SIGN_STYLE = Automatic;
				DEVELOPMENT_TEAM = BL9758P7UG;
				INFOPLIST_FILE = RappucinoUITests/Info.plist;
				LD_RUNPATH_SEARCH_PATHS = (
					"$(inherited)",
					"@executable_path/Frameworks",
					"@loader_path/Frameworks",
				);
				PRODUCT_BUNDLE_IDENTIFIER = logangeefs.RappucinoUITests;
				PRODUCT_NAME = "$(TARGET_NAME)";
				SWIFT_VERSION = 4.0;
				TARGETED_DEVICE_FAMILY = "1,2";
				TEST_TARGET_NAME = Rappucino;
			};
			name = Debug;
		};
		68AC838020C1105F005638F9 /* Release */ = {
			isa = XCBuildConfiguration;
			baseConfigurationReference = 72413117091975E56A3730C7 /* Pods-RappucinoUITests.release.xcconfig */;
			buildSettings = {
				ALWAYS_EMBED_SWIFT_STANDARD_LIBRARIES = YES;
				CODE_SIGN_STYLE = Automatic;
				DEVELOPMENT_TEAM = BL9758P7UG;
				INFOPLIST_FILE = RappucinoUITests/Info.plist;
				LD_RUNPATH_SEARCH_PATHS = (
					"$(inherited)",
					"@executable_path/Frameworks",
					"@loader_path/Frameworks",
				);
				PRODUCT_BUNDLE_IDENTIFIER = logangeefs.RappucinoUITests;
				PRODUCT_NAME = "$(TARGET_NAME)";
				SWIFT_VERSION = 4.0;
				TARGETED_DEVICE_FAMILY = "1,2";
				TEST_TARGET_NAME = Rappucino;
			};
			name = Release;
		};
/* End XCBuildConfiguration section */

/* Begin XCConfigurationList section */
		68AC834920C1105C005638F9 /* Build configuration list for PBXProject "Rappucino" */ = {
			isa = XCConfigurationList;
			buildConfigurations = (
				68AC837620C1105F005638F9 /* Debug */,
				68AC837720C1105F005638F9 /* Release */,
			);
			defaultConfigurationIsVisible = 0;
			defaultConfigurationName = Release;
		};
		68AC837820C1105F005638F9 /* Build configuration list for PBXNativeTarget "Rappucino" */ = {
			isa = XCConfigurationList;
			buildConfigurations = (
				68AC837920C1105F005638F9 /* Debug */,
				68AC837A20C1105F005638F9 /* Release */,
			);
			defaultConfigurationIsVisible = 0;
			defaultConfigurationName = Release;
		};
		68AC837B20C1105F005638F9 /* Build configuration list for PBXNativeTarget "RappucinoTests" */ = {
			isa = XCConfigurationList;
			buildConfigurations = (
				68AC837C20C1105F005638F9 /* Debug */,
				68AC837D20C1105F005638F9 /* Release */,
			);
			defaultConfigurationIsVisible = 0;
			defaultConfigurationName = Release;
		};
		68AC837E20C1105F005638F9 /* Build configuration list for PBXNativeTarget "RappucinoUITests" */ = {
			isa = XCConfigurationList;
			buildConfigurations = (
				68AC837F20C1105F005638F9 /* Debug */,
				68AC838020C1105F005638F9 /* Release */,
			);
			defaultConfigurationIsVisible = 0;
			defaultConfigurationName = Release;
		};
/* End XCConfigurationList section */
	};
	rootObject = 68AC834620C1105C005638F9 /* Project object */;
}
